
Microsoft Visual Studio Solution File, Format Version 12.00
# Visual Studio Version 16
VisualStudioVersion = 16.0.29306.81
MinimumVisualStudioVersion = 10.0.40219.1
Project("{FAE04EC0-301F-11D3-BF4B-00C04F79EFBC}") = "GB_3_1_a", "GB_3_1_a\GB_3_1_a.csproj", "{5BF9B72D-7F2D-4A56-A5B8-0106ADBFB737}"
EndProject
Global
	GlobalSection(SolutionConfigurationPlatforms) = preSolution
		Debug|Any CPU = Debug|Any CPU
		Release|Any CPU = Release|Any CPU
	EndGlobalSection
	GlobalSection(ProjectConfigurationPlatforms) = postSolution
		{5BF9B72D-7F2D-4A56-A5B8-0106ADBFB737}.Debug|Any CPU.ActiveCfg = Debug|Any CPU
		{5BF9B72D-7F2D-4A56-A5B8-0106ADBFB737}.Debug|Any CPU.Build.0 = Debug|Any CPU
		{5BF9B72D-7F2D-4A56-A5B8-0106ADBFB737}.Release|Any CPU.ActiveCfg = Release|Any CPU
		{5BF9B72D-7F2D-4A56-A5B8-0106ADBFB737}.Release|Any CPU.Build.0 = Release|Any CPU
	EndGlobalSection
	GlobalSection(SolutionProperties) = preSolution
		HideSolutionNode = FALSE
	EndGlobalSection
	GlobalSection(ExtensibilityGlobals) = postSolution
		SolutionGuid = {44B7CDEB-9C50-4F1D-BAA4-612F2BB4401F}
	EndGlobalSection
EndGlobal
