
Microsoft Visual Studio Solution File, Format Version 12.00
# Visual Studio Version 16
VisualStudioVersion = 16.0.29306.81
MinimumVisualStudioVersion = 10.0.40219.1
Project("{FAE04EC0-301F-11D3-BF4B-00C04F79EFBC}") = "pop", "pop\pop.csproj", "{03E448A6-2AB3-417A-97AE-25D8C082848D}"
EndProject
Global
	GlobalSection(SolutionConfigurationPlatforms) = preSolution
		Debug|Any CPU = Debug|Any CPU
		Release|Any CPU = Release|Any CPU
	EndGlobalSection
	GlobalSection(ProjectConfigurationPlatforms) = postSolution
		{03E448A6-2AB3-417A-97AE-25D8C082848D}.Debug|Any CPU.ActiveCfg = Debug|Any CPU
		{03E448A6-2AB3-417A-97AE-25D8C082848D}.Debug|Any CPU.Build.0 = Debug|Any CPU
		{03E448A6-2AB3-417A-97AE-25D8C082848D}.Release|Any CPU.ActiveCfg = Release|Any CPU
		{03E448A6-2AB3-417A-97AE-25D8C082848D}.Release|Any CPU.Build.0 = Release|Any CPU
	EndGlobalSection
	GlobalSection(SolutionProperties) = preSolution
		HideSolutionNode = FALSE
	EndGlobalSection
	GlobalSection(ExtensibilityGlobals) = postSolution
		SolutionGuid = {AAA3E7B4-B1FA-4B6A-A807-A5916B688919}
	EndGlobalSection
EndGlobal
