
Microsoft Visual Studio Solution File, Format Version 12.00
# Visual Studio Version 16
VisualStudioVersion = 16.0.29306.81
MinimumVisualStudioVersion = 10.0.40219.1
Project("{FAE04EC0-301F-11D3-BF4B-00C04F79EFBC}") = "EGE", "EGE\EGE.csproj", "{DBD0600F-C407-4E57-A1B6-71FB55B182DA}"
EndProject
Global
	GlobalSection(SolutionConfigurationPlatforms) = preSolution
		Debug|Any CPU = Debug|Any CPU
		Release|Any CPU = Release|Any CPU
	EndGlobalSection
	GlobalSection(ProjectConfigurationPlatforms) = postSolution
		{DBD0600F-C407-4E57-A1B6-71FB55B182DA}.Debug|Any CPU.ActiveCfg = Debug|Any CPU
		{DBD0600F-C407-4E57-A1B6-71FB55B182DA}.Debug|Any CPU.Build.0 = Debug|Any CPU
		{DBD0600F-C407-4E57-A1B6-71FB55B182DA}.Release|Any CPU.ActiveCfg = Release|Any CPU
		{DBD0600F-C407-4E57-A1B6-71FB55B182DA}.Release|Any CPU.Build.0 = Release|Any CPU
	EndGlobalSection
	GlobalSection(SolutionProperties) = preSolution
		HideSolutionNode = FALSE
	EndGlobalSection
	GlobalSection(ExtensibilityGlobals) = postSolution
		SolutionGuid = {D149D4AA-B964-46CD-B99C-EFBF089EAAEE}
	EndGlobalSection
EndGlobal
